
Microsoft Visual Studio Solution File, Format Version 12.00
# Visual Studio Version 17
VisualStudioVersion = 17.7.34031.279
MinimumVisualStudioVersion = 10.0.40219.1
Project("{2150E333-8FDC-42A3-9474-1A3956D46DE8}") = "Task0", "Task0", "{3C37A5D5-7C07-44AD-BDF1-6A264630ACE1}"
EndProject
Project("{FAE04EC0-301F-11D3-BF4B-00C04F79EFBC}") = "Tyuiu.ZairovAR.Sprint3.Task0.V26", "Tyuiu.ZairovAR.Sprint3.Task0.V26\Tyuiu.ZairovAR.Sprint3.Task0.V26.csproj", "{A2ACBDEE-742D-4FC4-9189-99425022DFBD}"
EndProject
Project("{FAE04EC0-301F-11D3-BF4B-00C04F79EFBC}") = "Tyuiu.ZairovAR.Sprint3.Task0.V26.Lib", "Tyuiu.ZairovAR.Sprint3.Task0.V26.Lib\Tyuiu.ZairovAR.Sprint3.Task0.V26.Lib.csproj", "{7A15AB63-59E5-44F0-B099-B52F76CEB3D8}"
EndProject
Project("{FAE04EC0-301F-11D3-BF4B-00C04F79EFBC}") = "Tyuiu.ZairovAR.Sprint3.Task0.V26.Test", "Tyuiu.ZairovAR.Sprint3.Task0.V26.Test\Tyuiu.ZairovAR.Sprint3.Task0.V26.Test.csproj", "{F275E449-1C60-4DBE-B136-B4CD3BAF6758}"
EndProject
Project("{2150E333-8FDC-42A3-9474-1A3956D46DE8}") = "Task1", "Task1", "{4A4A1B07-0235-4CA6-8397-E61109E0C46D}"
EndProject
Project("{FAE04EC0-301F-11D3-BF4B-00C04F79EFBC}") = "Tyuiu.ZairovAR.Sprint3.Task1.V12", "Tyuiu.ZairovAR.Sprint3.Task1.V12\Tyuiu.ZairovAR.Sprint3.Task1.V12.csproj", "{76D2F002-08A1-4493-BF91-DC6456DE4574}"
EndProject
Project("{FAE04EC0-301F-11D3-BF4B-00C04F79EFBC}") = "Tyuiu.ZairovAR.Sprint3.Task1.V12.Lib", "Tyuiu.ZairovAR.Sprint3.Task1.V12.Lib\Tyuiu.ZairovAR.Sprint3.Task1.V12.Lib.csproj", "{CABAF340-DCBF-4FFD-82AA-8403FB38D0BA}"
EndProject
Project("{FAE04EC0-301F-11D3-BF4B-00C04F79EFBC}") = "Tyuiu.ZairovAR.Sprint3.Task1.V12.Test", "Tyuiu.ZairovAR.Sprint3.Task1.V12.Test\Tyuiu.ZairovAR.Sprint3.Task1.V12.Test.csproj", "{E4368209-F6C4-4F9E-BB97-FDC78C225359}"
EndProject
Project("{2150E333-8FDC-42A3-9474-1A3956D46DE8}") = "Task2", "Task2", "{46836600-8123-4812-AA01-A9A469FFE0F4}"
EndProject
Project("{FAE04EC0-301F-11D3-BF4B-00C04F79EFBC}") = "Tyuiu.ZairovAR.Sprint3.Task2.V10", "Tyuiu.ZairovAR.Sprint3.Task2.V10\Tyuiu.ZairovAR.Sprint3.Task2.V10.csproj", "{D9D0AE4E-E889-4F46-A75D-14D8AEAA9F86}"
EndProject
Project("{FAE04EC0-301F-11D3-BF4B-00C04F79EFBC}") = "Tyuiu.ZairovAR.Sprint3.Task2.V10.Lib", "Tyuiu.ZairovAR.Sprint3.Task2.V10.Lib\Tyuiu.ZairovAR.Sprint3.Task2.V10.Lib.csproj", "{27A0B82E-98A3-40D5-A86A-6849566D0757}"
EndProject
Project("{FAE04EC0-301F-11D3-BF4B-00C04F79EFBC}") = "Tyuiu.ZairovAR.Sprint3.Task2.V10.Test", "Tyuiu.ZairovAR.Sprint3.Task2.V10.Test\Tyuiu.ZairovAR.Sprint3.Task2.V10.Test.csproj", "{7B39BA50-A7F4-4A34-9E24-DCF7D79F4604}"
EndProject
Project("{2150E333-8FDC-42A3-9474-1A3956D46DE8}") = "Task3", "Task3", "{2F5B06F7-927F-4491-884A-5BC664423787}"
EndProject
Project("{FAE04EC0-301F-11D3-BF4B-00C04F79EFBC}") = "Tyuiu.ZairovAR.Sprint3.Task3.V13", "Tyuiu.ZairovAR.Sprint3.Task3.V13\Tyuiu.ZairovAR.Sprint3.Task3.V13.csproj", "{A589746C-65CE-4DA6-B4F3-8B14062F8A58}"
EndProject
Project("{FAE04EC0-301F-11D3-BF4B-00C04F79EFBC}") = "Tyuiu.ZairovAR.Sprint3.Task3.V13.Lib", "Tyuiu.ZairovAR.Sprint3.Task3.V13.Lib\Tyuiu.ZairovAR.Sprint3.Task3.V13.Lib.csproj", "{2F721B6F-0015-4635-817C-7FE3CDACCCD6}"
EndProject
Project("{FAE04EC0-301F-11D3-BF4B-00C04F79EFBC}") = "Tyuiu.ZairovAR.Sprint3.Task3.V13.Test", "Tyuiu.ZairovAR.Sprint3.Task3.V13.Test\Tyuiu.ZairovAR.Sprint3.Task3.V13.Test.csproj", "{9BBA13CB-E602-4C53-8CE6-A35CF062D105}"
EndProject
Project("{2150E333-8FDC-42A3-9474-1A3956D46DE8}") = "Task4", "Task4", "{D80D2182-C6D0-44EB-890B-AB0FA4AB13B8}"
EndProject
Project("{FAE04EC0-301F-11D3-BF4B-00C04F79EFBC}") = "Tyuiu.ZairovAR.Sprint3.Task4.V3", "Tyuiu.ZairovAR.Sprint3.Task4.V3\Tyuiu.ZairovAR.Sprint3.Task4.V3.csproj", "{A839D465-0B0B-4FEC-A9B8-34E08C21C355}"
EndProject
Project("{FAE04EC0-301F-11D3-BF4B-00C04F79EFBC}") = "Tyuiu.ZairovAR.Sprint3.Task4.V3.Lib", "Tyuiu.ZairovAR.Sprint3.Task4.V3.Lib\Tyuiu.ZairovAR.Sprint3.Task4.V3.Lib.csproj", "{35B231EB-4024-443B-AF4A-106B27550AF6}"
EndProject
Project("{FAE04EC0-301F-11D3-BF4B-00C04F79EFBC}") = "Tyuiu.ZairovAR.Sprint3.Task4.V3.Test", "Tyuiu.ZairovAR.Sprint3.Task4.V3.Test\Tyuiu.ZairovAR.Sprint3.Task4.V3.Test.csproj", "{A6985889-B5D1-4E79-802C-DB0654B34095}"
EndProject
Global
	GlobalSection(SolutionConfigurationPlatforms) = preSolution
		Debug|Any CPU = Debug|Any CPU
		Release|Any CPU = Release|Any CPU
	EndGlobalSection
	GlobalSection(ProjectConfigurationPlatforms) = postSolution
		{A2ACBDEE-742D-4FC4-9189-99425022DFBD}.Debug|Any CPU.ActiveCfg = Debug|Any CPU
		{A2ACBDEE-742D-4FC4-9189-99425022DFBD}.Debug|Any CPU.Build.0 = Debug|Any CPU
		{A2ACBDEE-742D-4FC4-9189-99425022DFBD}.Release|Any CPU.ActiveCfg = Release|Any CPU
		{A2ACBDEE-742D-4FC4-9189-99425022DFBD}.Release|Any CPU.Build.0 = Release|Any CPU
		{7A15AB63-59E5-44F0-B099-B52F76CEB3D8}.Debug|Any CPU.ActiveCfg = Debug|Any CPU
		{7A15AB63-59E5-44F0-B099-B52F76CEB3D8}.Debug|Any CPU.Build.0 = Debug|Any CPU
		{7A15AB63-59E5-44F0-B099-B52F76CEB3D8}.Release|Any CPU.ActiveCfg = Release|Any CPU
		{7A15AB63-59E5-44F0-B099-B52F76CEB3D8}.Release|Any CPU.Build.0 = Release|Any CPU
		{F275E449-1C60-4DBE-B136-B4CD3BAF6758}.Debug|Any CPU.ActiveCfg = Debug|Any CPU
		{F275E449-1C60-4DBE-B136-B4CD3BAF6758}.Debug|Any CPU.Build.0 = Debug|Any CPU
		{F275E449-1C60-4DBE-B136-B4CD3BAF6758}.Release|Any CPU.ActiveCfg = Release|Any CPU
		{F275E449-1C60-4DBE-B136-B4CD3BAF6758}.Release|Any CPU.Build.0 = Release|Any CPU
		{76D2F002-08A1-4493-BF91-DC6456DE4574}.Debug|Any CPU.ActiveCfg = Debug|Any CPU
		{76D2F002-08A1-4493-BF91-DC6456DE4574}.Debug|Any CPU.Build.0 = Debug|Any CPU
		{76D2F002-08A1-4493-BF91-DC6456DE4574}.Release|Any CPU.ActiveCfg = Release|Any CPU
		{76D2F002-08A1-4493-BF91-DC6456DE4574}.Release|Any CPU.Build.0 = Release|Any CPU
		{CABAF340-DCBF-4FFD-82AA-8403FB38D0BA}.Debug|Any CPU.ActiveCfg = Debug|Any CPU
		{CABAF340-DCBF-4FFD-82AA-8403FB38D0BA}.Debug|Any CPU.Build.0 = Debug|Any CPU
		{CABAF340-DCBF-4FFD-82AA-8403FB38D0BA}.Release|Any CPU.ActiveCfg = Release|Any CPU
		{CABAF340-DCBF-4FFD-82AA-8403FB38D0BA}.Release|Any CPU.Build.0 = Release|Any CPU
		{E4368209-F6C4-4F9E-BB97-FDC78C225359}.Debug|Any CPU.ActiveCfg = Debug|Any CPU
		{E4368209-F6C4-4F9E-BB97-FDC78C225359}.Debug|Any CPU.Build.0 = Debug|Any CPU
		{E4368209-F6C4-4F9E-BB97-FDC78C225359}.Release|Any CPU.ActiveCfg = Release|Any CPU
		{E4368209-F6C4-4F9E-BB97-FDC78C225359}.Release|Any CPU.Build.0 = Release|Any CPU
		{D9D0AE4E-E889-4F46-A75D-14D8AEAA9F86}.Debug|Any CPU.ActiveCfg = Debug|Any CPU
		{D9D0AE4E-E889-4F46-A75D-14D8AEAA9F86}.Debug|Any CPU.Build.0 = Debug|Any CPU
		{D9D0AE4E-E889-4F46-A75D-14D8AEAA9F86}.Release|Any CPU.ActiveCfg = Release|Any CPU
		{D9D0AE4E-E889-4F46-A75D-14D8AEAA9F86}.Release|Any CPU.Build.0 = Release|Any CPU
		{27A0B82E-98A3-40D5-A86A-6849566D0757}.Debug|Any CPU.ActiveCfg = Debug|Any CPU
		{27A0B82E-98A3-40D5-A86A-6849566D0757}.Debug|Any CPU.Build.0 = Debug|Any CPU
		{27A0B82E-98A3-40D5-A86A-6849566D0757}.Release|Any CPU.ActiveCfg = Release|Any CPU
		{27A0B82E-98A3-40D5-A86A-6849566D0757}.Release|Any CPU.Build.0 = Release|Any CPU
		{7B39BA50-A7F4-4A34-9E24-DCF7D79F4604}.Debug|Any CPU.ActiveCfg = Debug|Any CPU
		{7B39BA50-A7F4-4A34-9E24-DCF7D79F4604}.Debug|Any CPU.Build.0 = Debug|Any CPU
		{7B39BA50-A7F4-4A34-9E24-DCF7D79F4604}.Release|Any CPU.ActiveCfg = Release|Any CPU
		{7B39BA50-A7F4-4A34-9E24-DCF7D79F4604}.Release|Any CPU.Build.0 = Release|Any CPU
		{A589746C-65CE-4DA6-B4F3-8B14062F8A58}.Debug|Any CPU.ActiveCfg = Debug|Any CPU
		{A589746C-65CE-4DA6-B4F3-8B14062F8A58}.Debug|Any CPU.Build.0 = Debug|Any CPU
		{A589746C-65CE-4DA6-B4F3-8B14062F8A58}.Release|Any CPU.ActiveCfg = Release|Any CPU
		{A589746C-65CE-4DA6-B4F3-8B14062F8A58}.Release|Any CPU.Build.0 = Release|Any CPU
		{2F721B6F-0015-4635-817C-7FE3CDACCCD6}.Debug|Any CPU.ActiveCfg = Debug|Any CPU
		{2F721B6F-0015-4635-817C-7FE3CDACCCD6}.Debug|Any CPU.Build.0 = Debug|Any CPU
		{2F721B6F-0015-4635-817C-7FE3CDACCCD6}.Release|Any CPU.ActiveCfg = Release|Any CPU
		{2F721B6F-0015-4635-817C-7FE3CDACCCD6}.Release|Any CPU.Build.0 = Release|Any CPU
		{9BBA13CB-E602-4C53-8CE6-A35CF062D105}.Debug|Any CPU.ActiveCfg = Debug|Any CPU
		{9BBA13CB-E602-4C53-8CE6-A35CF062D105}.Debug|Any CPU.Build.0 = Debug|Any CPU
		{9BBA13CB-E602-4C53-8CE6-A35CF062D105}.Release|Any CPU.ActiveCfg = Release|Any CPU
		{9BBA13CB-E602-4C53-8CE6-A35CF062D105}.Release|Any CPU.Build.0 = Release|Any CPU
		{A839D465-0B0B-4FEC-A9B8-34E08C21C355}.Debug|Any CPU.ActiveCfg = Debug|Any CPU
		{A839D465-0B0B-4FEC-A9B8-34E08C21C355}.Debug|Any CPU.Build.0 = Debug|Any CPU
		{A839D465-0B0B-4FEC-A9B8-34E08C21C355}.Release|Any CPU.ActiveCfg = Release|Any CPU
		{A839D465-0B0B-4FEC-A9B8-34E08C21C355}.Release|Any CPU.Build.0 = Release|Any CPU
		{35B231EB-4024-443B-AF4A-106B27550AF6}.Debug|Any CPU.ActiveCfg = Debug|Any CPU
		{35B231EB-4024-443B-AF4A-106B27550AF6}.Debug|Any CPU.Build.0 = Debug|Any CPU
		{35B231EB-4024-443B-AF4A-106B27550AF6}.Release|Any CPU.ActiveCfg = Release|Any CPU
		{35B231EB-4024-443B-AF4A-106B27550AF6}.Release|Any CPU.Build.0 = Release|Any CPU
		{A6985889-B5D1-4E79-802C-DB0654B34095}.Debug|Any CPU.ActiveCfg = Debug|Any CPU
		{A6985889-B5D1-4E79-802C-DB0654B34095}.Debug|Any CPU.Build.0 = Debug|Any CPU
		{A6985889-B5D1-4E79-802C-DB0654B34095}.Release|Any CPU.ActiveCfg = Release|Any CPU
		{A6985889-B5D1-4E79-802C-DB0654B34095}.Release|Any CPU.Build.0 = Release|Any CPU
	EndGlobalSection
	GlobalSection(SolutionProperties) = preSolution
		HideSolutionNode = FALSE
	EndGlobalSection
	GlobalSection(NestedProjects) = preSolution
		{A2ACBDEE-742D-4FC4-9189-99425022DFBD} = {3C37A5D5-7C07-44AD-BDF1-6A264630ACE1}
		{7A15AB63-59E5-44F0-B099-B52F76CEB3D8} = {3C37A5D5-7C07-44AD-BDF1-6A264630ACE1}
		{F275E449-1C60-4DBE-B136-B4CD3BAF6758} = {3C37A5D5-7C07-44AD-BDF1-6A264630ACE1}
		{76D2F002-08A1-4493-BF91-DC6456DE4574} = {4A4A1B07-0235-4CA6-8397-E61109E0C46D}
		{CABAF340-DCBF-4FFD-82AA-8403FB38D0BA} = {4A4A1B07-0235-4CA6-8397-E61109E0C46D}
		{E4368209-F6C4-4F9E-BB97-FDC78C225359} = {4A4A1B07-0235-4CA6-8397-E61109E0C46D}
		{D9D0AE4E-E889-4F46-A75D-14D8AEAA9F86} = {46836600-8123-4812-AA01-A9A469FFE0F4}
		{27A0B82E-98A3-40D5-A86A-6849566D0757} = {46836600-8123-4812-AA01-A9A469FFE0F4}
		{7B39BA50-A7F4-4A34-9E24-DCF7D79F4604} = {46836600-8123-4812-AA01-A9A469FFE0F4}
		{A589746C-65CE-4DA6-B4F3-8B14062F8A58} = {2F5B06F7-927F-4491-884A-5BC664423787}
		{2F721B6F-0015-4635-817C-7FE3CDACCCD6} = {2F5B06F7-927F-4491-884A-5BC664423787}
		{9BBA13CB-E602-4C53-8CE6-A35CF062D105} = {2F5B06F7-927F-4491-884A-5BC664423787}
		{A839D465-0B0B-4FEC-A9B8-34E08C21C355} = {D80D2182-C6D0-44EB-890B-AB0FA4AB13B8}
		{35B231EB-4024-443B-AF4A-106B27550AF6} = {D80D2182-C6D0-44EB-890B-AB0FA4AB13B8}
		{A6985889-B5D1-4E79-802C-DB0654B34095} = {D80D2182-C6D0-44EB-890B-AB0FA4AB13B8}
	EndGlobalSection
	GlobalSection(ExtensibilityGlobals) = postSolution
		SolutionGuid = {A5CE7BEC-DB3D-4B1A-882B-1BE6F1F68C8A}
	EndGlobalSection
EndGlobal
